
Microsoft Visual Studio Solution File, Format Version 12.00
# Visual Studio 14
VisualStudioVersion = 14.0.24720.0
MinimumVisualStudioVersion = 10.0.40219.1
Project("{FAE04EC0-301F-11D3-BF4B-00C04F79EFBC}") = "Assignment5", "Assignment5\Assignment5.csproj", "{0B961DFD-5931-4AA3-8E35-C15FB8605118}"
EndProject
Project("{FAE04EC0-301F-11D3-BF4B-00C04F79EFBC}") = "CryptoLibrary", "CryptoLibrary\CryptoLibrary.csproj", "{FD233A33-0FF9-49A2-8813-EBFFEE925457}"
EndProject
Project("{E24C65DC-7377-472B-9ABA-BC803B73C61A}") = "Website(1)", "Website\", "{9260A174-9D1B-49E8-9766-09E4068D3805}"
	ProjectSection(WebsiteProperties) = preProject
		TargetFrameworkMoniker = ".NETFramework,Version%3Dv4.5"
		ProjectReferences = "{fd233a33-0ff9-49a2-8813-ebffee925457}|CryptoLibrary.dll;"
		Debug.AspNetCompiler.VirtualPath = "/localhost_4968"
		Debug.AspNetCompiler.PhysicalPath = "Website\"
		Debug.AspNetCompiler.TargetPath = "PrecompiledWeb\localhost_4968\"
		Debug.AspNetCompiler.Updateable = "true"
		Debug.AspNetCompiler.ForceOverwrite = "true"
		Debug.AspNetCompiler.FixedNames = "false"
		Debug.AspNetCompiler.Debug = "True"
		Release.AspNetCompiler.VirtualPath = "/localhost_4968"
		Release.AspNetCompiler.PhysicalPath = "Website\"
		Release.AspNetCompiler.TargetPath = "PrecompiledWeb\localhost_4968\"
		Release.AspNetCompiler.Updateable = "true"
		Release.AspNetCompiler.ForceOverwrite = "true"
		Release.AspNetCompiler.FixedNames = "false"
		Release.AspNetCompiler.Debug = "False"
		VWDPort = "4968"
		DefaultWebSiteLanguage = "Visual C#"
	EndProjectSection
	ProjectSection(ProjectDependencies) = postProject
		{0B961DFD-5931-4AA3-8E35-C15FB8605118} = {0B961DFD-5931-4AA3-8E35-C15FB8605118}
	EndProjectSection
EndProject
Global
	GlobalSection(SolutionConfigurationPlatforms) = preSolution
		Debug|Any CPU = Debug|Any CPU
		Release|Any CPU = Release|Any CPU
	EndGlobalSection
	GlobalSection(ProjectConfigurationPlatforms) = postSolution
		{0B961DFD-5931-4AA3-8E35-C15FB8605118}.Debug|Any CPU.ActiveCfg = Debug|Any CPU
		{0B961DFD-5931-4AA3-8E35-C15FB8605118}.Debug|Any CPU.Build.0 = Debug|Any CPU
		{0B961DFD-5931-4AA3-8E35-C15FB8605118}.Release|Any CPU.ActiveCfg = Release|Any CPU
		{0B961DFD-5931-4AA3-8E35-C15FB8605118}.Release|Any CPU.Build.0 = Release|Any CPU
		{FD233A33-0FF9-49A2-8813-EBFFEE925457}.Debug|Any CPU.ActiveCfg = Debug|Any CPU
		{FD233A33-0FF9-49A2-8813-EBFFEE925457}.Debug|Any CPU.Build.0 = Debug|Any CPU
		{FD233A33-0FF9-49A2-8813-EBFFEE925457}.Release|Any CPU.ActiveCfg = Release|Any CPU
		{FD233A33-0FF9-49A2-8813-EBFFEE925457}.Release|Any CPU.Build.0 = Release|Any CPU
		{9260A174-9D1B-49E8-9766-09E4068D3805}.Debug|Any CPU.ActiveCfg = Debug|Any CPU
		{9260A174-9D1B-49E8-9766-09E4068D3805}.Debug|Any CPU.Build.0 = Debug|Any CPU
		{9260A174-9D1B-49E8-9766-09E4068D3805}.Release|Any CPU.ActiveCfg = Debug|Any CPU
		{9260A174-9D1B-49E8-9766-09E4068D3805}.Release|Any CPU.Build.0 = Debug|Any CPU
	EndGlobalSection
	GlobalSection(SolutionProperties) = preSolution
		HideSolutionNode = FALSE
	EndGlobalSection
EndGlobal
